
Microsoft Visual Studio Solution File, Format Version 12.00
# Visual Studio 2013
VisualStudioVersion = 12.0.30501.0
MinimumVisualStudioVersion = 10.0.40219.1
Project("{FAE04EC0-301F-11D3-BF4B-00C04F79EFBC}") = "XamarinPortableRes.Android", "XamarinPortableRes.Android\XamarinPortableRes.Android.csproj", "{6A4294D4-7509-48AD-8558-2E538010263E}"
EndProject
Project("{FAE04EC0-301F-11D3-BF4B-00C04F79EFBC}") = "XamarinPortableRes.iOS", "XamarinPortableRes.iOS\XamarinPortableRes.iOS.csproj", "{4C784668-4883-49F9-BEAF-0A1A943BA59B}"
EndProject
Project("{FAE04EC0-301F-11D3-BF4B-00C04F79EFBC}") = "XamarinPortableRes.Lib", "XamarinPortableRes.Lib\XamarinPortableRes.Lib.csproj", "{5DD9281B-1D3E-4E59-A46F-C3DD4740BB30}"
EndProject
Global
	GlobalSection(SolutionConfigurationPlatforms) = preSolution
		Ad-Hoc|Any CPU = Ad-Hoc|Any CPU
		Ad-Hoc|iPhone = Ad-Hoc|iPhone
		Ad-Hoc|iPhoneSimulator = Ad-Hoc|iPhoneSimulator
		Ad-Hoc|Mixed Platforms = Ad-Hoc|Mixed Platforms
		AppStore|Any CPU = AppStore|Any CPU
		AppStore|iPhone = AppStore|iPhone
		AppStore|iPhoneSimulator = AppStore|iPhoneSimulator
		AppStore|Mixed Platforms = AppStore|Mixed Platforms
		Debug|Any CPU = Debug|Any CPU
		Debug|iPhone = Debug|iPhone
		Debug|iPhoneSimulator = Debug|iPhoneSimulator
		Debug|Mixed Platforms = Debug|Mixed Platforms
		Release|Any CPU = Release|Any CPU
		Release|iPhone = Release|iPhone
		Release|iPhoneSimulator = Release|iPhoneSimulator
		Release|Mixed Platforms = Release|Mixed Platforms
	EndGlobalSection
	GlobalSection(ProjectConfigurationPlatforms) = postSolution
		{6A4294D4-7509-48AD-8558-2E538010263E}.Ad-Hoc|Any CPU.ActiveCfg = Release|Any CPU
		{6A4294D4-7509-48AD-8558-2E538010263E}.Ad-Hoc|Any CPU.Build.0 = Release|Any CPU
		{6A4294D4-7509-48AD-8558-2E538010263E}.Ad-Hoc|Any CPU.Deploy.0 = Release|Any CPU
		{6A4294D4-7509-48AD-8558-2E538010263E}.Ad-Hoc|iPhone.ActiveCfg = Release|Any CPU
		{6A4294D4-7509-48AD-8558-2E538010263E}.Ad-Hoc|iPhoneSimulator.ActiveCfg = Release|Any CPU
		{6A4294D4-7509-48AD-8558-2E538010263E}.Ad-Hoc|Mixed Platforms.ActiveCfg = Release|Any CPU
		{6A4294D4-7509-48AD-8558-2E538010263E}.Ad-Hoc|Mixed Platforms.Build.0 = Release|Any CPU
		{6A4294D4-7509-48AD-8558-2E538010263E}.Ad-Hoc|Mixed Platforms.Deploy.0 = Release|Any CPU
		{6A4294D4-7509-48AD-8558-2E538010263E}.AppStore|Any CPU.ActiveCfg = Release|Any CPU
		{6A4294D4-7509-48AD-8558-2E538010263E}.AppStore|Any CPU.Build.0 = Release|Any CPU
		{6A4294D4-7509-48AD-8558-2E538010263E}.AppStore|Any CPU.Deploy.0 = Release|Any CPU
		{6A4294D4-7509-48AD-8558-2E538010263E}.AppStore|iPhone.ActiveCfg = Release|Any CPU
		{6A4294D4-7509-48AD-8558-2E538010263E}.AppStore|iPhoneSimulator.ActiveCfg = Release|Any CPU
		{6A4294D4-7509-48AD-8558-2E538010263E}.AppStore|Mixed Platforms.ActiveCfg = Release|Any CPU
		{6A4294D4-7509-48AD-8558-2E538010263E}.AppStore|Mixed Platforms.Build.0 = Release|Any CPU
		{6A4294D4-7509-48AD-8558-2E538010263E}.AppStore|Mixed Platforms.Deploy.0 = Release|Any CPU
		{6A4294D4-7509-48AD-8558-2E538010263E}.Debug|Any CPU.ActiveCfg = Debug|Any CPU
		{6A4294D4-7509-48AD-8558-2E538010263E}.Debug|Any CPU.Build.0 = Debug|Any CPU
		{6A4294D4-7509-48AD-8558-2E538010263E}.Debug|Any CPU.Deploy.0 = Debug|Any CPU
		{6A4294D4-7509-48AD-8558-2E538010263E}.Debug|iPhone.ActiveCfg = Debug|Any CPU
		{6A4294D4-7509-48AD-8558-2E538010263E}.Debug|iPhoneSimulator.ActiveCfg = Debug|Any CPU
		{6A4294D4-7509-48AD-8558-2E538010263E}.Debug|Mixed Platforms.ActiveCfg = Debug|Any CPU
		{6A4294D4-7509-48AD-8558-2E538010263E}.Debug|Mixed Platforms.Build.0 = Debug|Any CPU
		{6A4294D4-7509-48AD-8558-2E538010263E}.Debug|Mixed Platforms.Deploy.0 = Debug|Any CPU
		{6A4294D4-7509-48AD-8558-2E538010263E}.Release|Any CPU.ActiveCfg = Release|Any CPU
		{6A4294D4-7509-48AD-8558-2E538010263E}.Release|Any CPU.Build.0 = Release|Any CPU
		{6A4294D4-7509-48AD-8558-2E538010263E}.Release|Any CPU.Deploy.0 = Release|Any CPU
		{6A4294D4-7509-48AD-8558-2E538010263E}.Release|iPhone.ActiveCfg = Release|Any CPU
		{6A4294D4-7509-48AD-8558-2E538010263E}.Release|iPhoneSimulator.ActiveCfg = Release|Any CPU
		{6A4294D4-7509-48AD-8558-2E538010263E}.Release|Mixed Platforms.ActiveCfg = Release|Any CPU
		{6A4294D4-7509-48AD-8558-2E538010263E}.Release|Mixed Platforms.Build.0 = Release|Any CPU
		{6A4294D4-7509-48AD-8558-2E538010263E}.Release|Mixed Platforms.Deploy.0 = Release|Any CPU
		{4C784668-4883-49F9-BEAF-0A1A943BA59B}.Ad-Hoc|Any CPU.ActiveCfg = Ad-Hoc|iPhone
		{4C784668-4883-49F9-BEAF-0A1A943BA59B}.Ad-Hoc|iPhone.ActiveCfg = Ad-Hoc|iPhone
		{4C784668-4883-49F9-BEAF-0A1A943BA59B}.Ad-Hoc|iPhone.Build.0 = Ad-Hoc|iPhone
		{4C784668-4883-49F9-BEAF-0A1A943BA59B}.Ad-Hoc|iPhone.Deploy.0 = Ad-Hoc|iPhone
		{4C784668-4883-49F9-BEAF-0A1A943BA59B}.Ad-Hoc|iPhoneSimulator.ActiveCfg = Ad-Hoc|iPhoneSimulator
		{4C784668-4883-49F9-BEAF-0A1A943BA59B}.Ad-Hoc|iPhoneSimulator.Build.0 = Ad-Hoc|iPhoneSimulator
		{4C784668-4883-49F9-BEAF-0A1A943BA59B}.Ad-Hoc|iPhoneSimulator.Deploy.0 = Ad-Hoc|iPhoneSimulator
		{4C784668-4883-49F9-BEAF-0A1A943BA59B}.Ad-Hoc|Mixed Platforms.ActiveCfg = Ad-Hoc|iPhone
		{4C784668-4883-49F9-BEAF-0A1A943BA59B}.Ad-Hoc|Mixed Platforms.Build.0 = Ad-Hoc|iPhone
		{4C784668-4883-49F9-BEAF-0A1A943BA59B}.Ad-Hoc|Mixed Platforms.Deploy.0 = Ad-Hoc|iPhone
		{4C784668-4883-49F9-BEAF-0A1A943BA59B}.AppStore|Any CPU.ActiveCfg = AppStore|iPhone
		{4C784668-4883-49F9-BEAF-0A1A943BA59B}.AppStore|iPhone.ActiveCfg = AppStore|iPhone
		{4C784668-4883-49F9-BEAF-0A1A943BA59B}.AppStore|iPhone.Build.0 = AppStore|iPhone
		{4C784668-4883-49F9-BEAF-0A1A943BA59B}.AppStore|iPhone.Deploy.0 = AppStore|iPhone
		{4C784668-4883-49F9-BEAF-0A1A943BA59B}.AppStore|iPhoneSimulator.ActiveCfg = AppStore|iPhoneSimulator
		{4C784668-4883-49F9-BEAF-0A1A943BA59B}.AppStore|iPhoneSimulator.Build.0 = AppStore|iPhoneSimulator
		{4C784668-4883-49F9-BEAF-0A1A943BA59B}.AppStore|iPhoneSimulator.Deploy.0 = AppStore|iPhoneSimulator
		{4C784668-4883-49F9-BEAF-0A1A943BA59B}.AppStore|Mixed Platforms.ActiveCfg = AppStore|iPhone
		{4C784668-4883-49F9-BEAF-0A1A943BA59B}.AppStore|Mixed Platforms.Build.0 = AppStore|iPhone
		{4C784668-4883-49F9-BEAF-0A1A943BA59B}.AppStore|Mixed Platforms.Deploy.0 = AppStore|iPhone
		{4C784668-4883-49F9-BEAF-0A1A943BA59B}.Debug|Any CPU.ActiveCfg = Debug|iPhone
		{4C784668-4883-49F9-BEAF-0A1A943BA59B}.Debug|iPhone.ActiveCfg = Debug|iPhone
		{4C784668-4883-49F9-BEAF-0A1A943BA59B}.Debug|iPhone.Build.0 = Debug|iPhone
		{4C784668-4883-49F9-BEAF-0A1A943BA59B}.Debug|iPhone.Deploy.0 = Debug|iPhone
		{4C784668-4883-49F9-BEAF-0A1A943BA59B}.Debug|iPhoneSimulator.ActiveCfg = Debug|iPhoneSimulator
		{4C784668-4883-49F9-BEAF-0A1A943BA59B}.Debug|iPhoneSimulator.Build.0 = Debug|iPhoneSimulator
		{4C784668-4883-49F9-BEAF-0A1A943BA59B}.Debug|iPhoneSimulator.Deploy.0 = Debug|iPhoneSimulator
		{4C784668-4883-49F9-BEAF-0A1A943BA59B}.Debug|Mixed Platforms.ActiveCfg = Debug|iPhone
		{4C784668-4883-49F9-BEAF-0A1A943BA59B}.Debug|Mixed Platforms.Build.0 = Debug|iPhone
		{4C784668-4883-49F9-BEAF-0A1A943BA59B}.Debug|Mixed Platforms.Deploy.0 = Debug|iPhone
		{4C784668-4883-49F9-BEAF-0A1A943BA59B}.Release|Any CPU.ActiveCfg = Release|iPhone
		{4C784668-4883-49F9-BEAF-0A1A943BA59B}.Release|iPhone.ActiveCfg = Release|iPhone
		{4C784668-4883-49F9-BEAF-0A1A943BA59B}.Release|iPhone.Build.0 = Release|iPhone
		{4C784668-4883-49F9-BEAF-0A1A943BA59B}.Release|iPhone.Deploy.0 = Release|iPhone
		{4C784668-4883-49F9-BEAF-0A1A943BA59B}.Release|iPhoneSimulator.ActiveCfg = Release|iPhoneSimulator
		{4C784668-4883-49F9-BEAF-0A1A943BA59B}.Release|iPhoneSimulator.Build.0 = Release|iPhoneSimulator
		{4C784668-4883-49F9-BEAF-0A1A943BA59B}.Release|iPhoneSimulator.Deploy.0 = Release|iPhoneSimulator
		{4C784668-4883-49F9-BEAF-0A1A943BA59B}.Release|Mixed Platforms.ActiveCfg = Release|iPhone
		{4C784668-4883-49F9-BEAF-0A1A943BA59B}.Release|Mixed Platforms.Build.0 = Release|iPhone
		{4C784668-4883-49F9-BEAF-0A1A943BA59B}.Release|Mixed Platforms.Deploy.0 = Release|iPhone
		{5DD9281B-1D3E-4E59-A46F-C3DD4740BB30}.Ad-Hoc|Any CPU.ActiveCfg = Release|Any CPU
		{5DD9281B-1D3E-4E59-A46F-C3DD4740BB30}.Ad-Hoc|Any CPU.Build.0 = Release|Any CPU
		{5DD9281B-1D3E-4E59-A46F-C3DD4740BB30}.Ad-Hoc|iPhone.ActiveCfg = Release|Any CPU
		{5DD9281B-1D3E-4E59-A46F-C3DD4740BB30}.Ad-Hoc|iPhoneSimulator.ActiveCfg = Release|Any CPU
		{5DD9281B-1D3E-4E59-A46F-C3DD4740BB30}.Ad-Hoc|Mixed Platforms.ActiveCfg = Release|Any CPU
		{5DD9281B-1D3E-4E59-A46F-C3DD4740BB30}.Ad-Hoc|Mixed Platforms.Build.0 = Release|Any CPU
		{5DD9281B-1D3E-4E59-A46F-C3DD4740BB30}.AppStore|Any CPU.ActiveCfg = Release|Any CPU
		{5DD9281B-1D3E-4E59-A46F-C3DD4740BB30}.AppStore|Any CPU.Build.0 = Release|Any CPU
		{5DD9281B-1D3E-4E59-A46F-C3DD4740BB30}.AppStore|iPhone.ActiveCfg = Release|Any CPU
		{5DD9281B-1D3E-4E59-A46F-C3DD4740BB30}.AppStore|iPhoneSimulator.ActiveCfg = Release|Any CPU
		{5DD9281B-1D3E-4E59-A46F-C3DD4740BB30}.AppStore|Mixed Platforms.ActiveCfg = Release|Any CPU
		{5DD9281B-1D3E-4E59-A46F-C3DD4740BB30}.AppStore|Mixed Platforms.Build.0 = Release|Any CPU
		{5DD9281B-1D3E-4E59-A46F-C3DD4740BB30}.Debug|Any CPU.ActiveCfg = Debug|Any CPU
		{5DD9281B-1D3E-4E59-A46F-C3DD4740BB30}.Debug|Any CPU.Build.0 = Debug|Any CPU
		{5DD9281B-1D3E-4E59-A46F-C3DD4740BB30}.Debug|iPhone.ActiveCfg = Debug|Any CPU
		{5DD9281B-1D3E-4E59-A46F-C3DD4740BB30}.Debug|iPhoneSimulator.ActiveCfg = Debug|Any CPU
		{5DD9281B-1D3E-4E59-A46F-C3DD4740BB30}.Debug|iPhoneSimulator.Build.0 = Debug|Any CPU
		{5DD9281B-1D3E-4E59-A46F-C3DD4740BB30}.Debug|Mixed Platforms.ActiveCfg = Debug|Any CPU
		{5DD9281B-1D3E-4E59-A46F-C3DD4740BB30}.Debug|Mixed Platforms.Build.0 = Debug|Any CPU
		{5DD9281B-1D3E-4E59-A46F-C3DD4740BB30}.Release|Any CPU.ActiveCfg = Release|Any CPU
		{5DD9281B-1D3E-4E59-A46F-C3DD4740BB30}.Release|Any CPU.Build.0 = Release|Any CPU
		{5DD9281B-1D3E-4E59-A46F-C3DD4740BB30}.Release|iPhone.ActiveCfg = Release|Any CPU
		{5DD9281B-1D3E-4E59-A46F-C3DD4740BB30}.Release|iPhoneSimulator.ActiveCfg = Release|Any CPU
		{5DD9281B-1D3E-4E59-A46F-C3DD4740BB30}.Release|Mixed Platforms.ActiveCfg = Release|Any CPU
		{5DD9281B-1D3E-4E59-A46F-C3DD4740BB30}.Release|Mixed Platforms.Build.0 = Release|Any CPU
	EndGlobalSection
	GlobalSection(SolutionProperties) = preSolution
		HideSolutionNode = FALSE
	EndGlobalSection
EndGlobal
